# THIS IS AN AUTOGENERATED FILE. DO NOT EDIT THIS FILE DIRECTLY.
# yarn lockfile v1


cl-uni@^1.8.3:
  version "1.8.3"
  resolved "https://registry.yarnpkg.com/cl-uni/-/cl-uni-1.8.3.tgz#59441eb65a9f760f59fa5e033434cea0bf9ad8c6"
  integrity sha512-c7xQfDxiPzhY89Sot9av7U1SGAAWnHo4bhK0RDAFG1VDkhm02Ghk60WRv+ThDqFhlx/B0602d99rarYX83iotQ==
