# THIS IS AN AUTOGENERATED FILE. DO NOT EDIT THIS FILE DIRECTLY.
# yarn lockfile v1


cl-uni@^1.7.9:
  version "1.7.9"
  resolved "https://registry.yarnpkg.com/cl-uni/-/cl-uni-1.7.9.tgz#98dc1327a3aa38dd5d08611719588d41ebcbf2c1"
  integrity sha512-x4Q/lpGQh51+HcsgwL/l9ReM9w0NX3Cl+F8db+vN3eJ+KKixGL2ljW1H9WGGzqgzC9VBadnT7Lo1Ximdn7h0Fw==
