# THIS IS AN AUTOGENERATED FILE. DO NOT EDIT THIS FILE DIRECTLY.
# yarn lockfile v1


cl-uni@^1.6.1:
  version "1.6.1"
  resolved "https://registry.yarnpkg.com/cl-uni/-/cl-uni-1.6.1.tgz#6458ad77c4ba763b008fad738c99d377601f3426"
  integrity sha512-lBdT3PVYkvaT11FNLtznDLbr3WvMLJAp7AYKo/4VgA4PQJ/aZp9FCc5qRErv2dfNnOMaatiPCuv+ojQy8luG5w==
